// !$*UTF8*$!
{
	archiveVersion = 1;
	classes = {
	};
	objectVersion = 46;
	objects = {

/* Begin PBXBuildFile section */
		B65796C01D7F6238000FE342 /* main.swift in Sources */ = {isa = PBXBuildFile; fileRef = B65796BF1D7F6238000FE342 /* main.swift */; };
		B67B52FB1D7F95D7004A6414 /* Guesser.swift in Sources */ = {isa = PBXBuildFile; fileRef = B67B52FA1D7F95D7004A6414 /* Guesser.swift */; };
		B67B52FD1D7F9886004A6414 /* which.swift in Sources */ = {isa = PBXBuildFile; fileRef = B67B52FC1D7F9886004A6414 /* which.swift */; };
		B67B52FF1D7F9A77004A6414 /* Command.swift in Sources */ = {isa = PBXBuildFile; fileRef = B67B52FE1D7F9A77004A6414 /* Command.swift */; };
		B6C3ED651D8522910037432C /* ArgParser.swift in Sources */ = {isa = PBXBuildFile; fileRef = B6C3ED641D8522910037432C /* ArgParser.swift */; };
		B6C3ED671D8524250037432C /* Armadillo.swift in Sources */ = {isa = PBXBuildFile; fileRef = B6C3ED661D8524250037432C /* Armadillo.swift */; };
		B6C3ED691D852B330037432C /* Defaults.swift in Sources */ = {isa = PBXBuildFile; fileRef = B6C3ED681D852B330037432C /* Defaults.swift */; };
		B6C3ED6B1D853DA30037432C /* History.swift in Sources */ = {isa = PBXBuildFile; fileRef = B6C3ED6A1D853DA30037432C /* History.swift */; };
/* End PBXBuildFile section */

/* Begin PBXCopyFilesBuildPhase section */
		B65796BA1D7F6238000FE342 /* CopyFiles */ = {
			isa = PBXCopyFilesBuildPhase;
			buildActionMask = 2147483647;
			dstPath = /usr/share/man/man1/;
			dstSubfolderSpec = 0;
			files = (
			);
			runOnlyForDeploymentPostprocessing = 1;
		};
/* End PBXCopyFilesBuildPhase section */

/* Begin PBXFileReference section */
		B65796BC1D7F6238000FE342 /* armadillo */ = {isa = PBXFileReference; explicitFileType = "compiled.mach-o.executable"; includeInIndex = 0; path = armadillo; sourceTree = BUILT_PRODUCTS_DIR; };
		B65796BF1D7F6238000FE342 /* main.swift */ = {isa = PBXFileReference; lastKnownFileType = sourcecode.swift; name = main.swift; path = Armadillo/main.swift; sourceTree = "<group>"; };
		B67B52FA1D7F95D7004A6414 /* Guesser.swift */ = {isa = PBXFileReference; fileEncoding = 4; lastKnownFileType = sourcecode.swift; path = Guesser.swift; sourceTree = "<group>"; };
		B67B52FC1D7F9886004A6414 /* which.swift */ = {isa = PBXFileReference; fileEncoding = 4; lastKnownFileType = sourcecode.swift; path = which.swift; sourceTree = "<group>"; };
		B67B52FE1D7F9A77004A6414 /* Command.swift */ = {isa = PBXFileReference; fileEncoding = 4; lastKnownFileType = sourcecode.swift; path = Command.swift; sourceTree = "<group>"; };
		B6C3ED641D8522910037432C /* ArgParser.swift */ = {isa = PBXFileReference; fileEncoding = 4; lastKnownFileType = sourcecode.swift; path = ArgParser.swift; sourceTree = "<group>"; };
		B6C3ED661D8524250037432C /* Armadillo.swift */ = {isa = PBXFileReference; fileEncoding = 4; lastKnownFileType = sourcecode.swift; path = Armadillo.swift; sourceTree = "<group>"; };
		B6C3ED681D852B330037432C /* Defaults.swift */ = {isa = PBXFileReference; fileEncoding = 4; lastKnownFileType = sourcecode.swift; path = Defaults.swift; sourceTree = "<group>"; };
		B6C3ED6A1D853DA30037432C /* History.swift */ = {isa = PBXFileReference; fileEncoding = 4; lastKnownFileType = sourcecode.swift; path = History.swift; sourceTree = "<group>"; };
/* End PBXFileReference section */

/* Begin PBXFrameworksBuildPhase section */
		B65796B91D7F6238000FE342 /* Frameworks */ = {
			isa = PBXFrameworksBuildPhase;
			buildActionMask = 2147483647;
			files = (
			);
			runOnlyForDeploymentPostprocessing = 0;
		};
/* End PBXFrameworksBuildPhase section */

/* Begin PBXGroup section */
		B65796B31D7F6238000FE342 = {
			isa = PBXGroup;
			children = (
				B65796BF1D7F6238000FE342 /* main.swift */,
				B65796BE1D7F6238000FE342 /* code */,
				B65796BD1D7F6238000FE342 /* binary */,
			);
			sourceTree = "<group>";
		};
		B65796BD1D7F6238000FE342 /* binary */ = {
			isa = PBXGroup;
			children = (
				B65796BC1D7F6238000FE342 /* armadillo */,
			);
			name = binary;
			sourceTree = "<group>";
		};
		B65796BE1D7F6238000FE342 /* code */ = {
			isa = PBXGroup;
			children = (
				B6C3ED661D8524250037432C /* Armadillo.swift */,
				B6C3ED641D8522910037432C /* ArgParser.swift */,
				B67B52FE1D7F9A77004A6414 /* Command.swift */,
				B6C3ED681D852B330037432C /* Defaults.swift */,
				B67B52FA1D7F95D7004A6414 /* Guesser.swift */,
				B6C3ED6A1D853DA30037432C /* History.swift */,
				B67B52FC1D7F9886004A6414 /* which.swift */,
			);
			name = code;
			path = Armadillo;
			sourceTree = "<group>";
		};
/* End PBXGroup section */

/* Begin PBXNativeTarget section */
		B65796BB1D7F6238000FE342 /* Armadillo */ = {
			isa = PBXNativeTarget;
			buildConfigurationList = B65796C31D7F6238000FE342 /* Build configuration list for PBXNativeTarget "Armadillo" */;
			buildPhases = (
				B65796B81D7F6238000FE342 /* Sources */,
				B65796B91D7F6238000FE342 /* Frameworks */,
				B65796BA1D7F6238000FE342 /* CopyFiles */,
			);
			buildRules = (
			);
			dependencies = (
			);
			name = Armadillo;
			productName = Armadillo;
			productReference = B65796BC1D7F6238000FE342 /* armadillo */;
			productType = "com.apple.product-type.tool";
		};
/* End PBXNativeTarget section */

/* Begin PBXProject section */
		B65796B41D7F6238000FE342 /* Project object */ = {
			isa = PBXProject;
			attributes = {
				LastSwiftUpdateCheck = 0730;
				LastUpgradeCheck = 0730;
				TargetAttributes = {
					B65796BB1D7F6238000FE342 = {
						CreatedOnToolsVersion = 7.3;
						LastSwiftMigration = 0800;
					};
				};
			};
			buildConfigurationList = B65796B71D7F6238000FE342 /* Build configuration list for PBXProject "Armadillo" */;
			compatibilityVersion = "Xcode 3.2";
			developmentRegion = English;
			hasScannedForEncodings = 0;
			knownRegions = (
				en,
			);
			mainGroup = B65796B31D7F6238000FE342;
			productRefGroup = B65796BD1D7F6238000FE342 /* binary */;
			projectDirPath = "";
			projectRoot = "";
			targets = (
				B65796BB1D7F6238000FE342 /* Armadillo */,
			);
		};
/* End PBXProject section */

/* Begin PBXSourcesBuildPhase section */
		B65796B81D7F6238000FE342 /* Sources */ = {
			isa = PBXSourcesBuildPhase;
			buildActionMask = 2147483647;
			files = (
				B67B52FB1D7F95D7004A6414 /* Guesser.swift in Sources */,
				B6C3ED691D852B330037432C /* Defaults.swift in Sources */,
				B6C3ED6B1D853DA30037432C /* History.swift in Sources */,
				B65796C01D7F6238000FE342 /* main.swift in Sources */,
				B67B52FF1D7F9A77004A6414 /* Command.swift in Sources */,
				B67B52FD1D7F9886004A6414 /* which.swift in Sources */,
				B6C3ED671D8524250037432C /* Armadillo.swift in Sources */,
				B6C3ED651D8522910037432C /* ArgParser.swift in Sources */,
			);
			runOnlyForDeploymentPostprocessing = 0;
		};
/* End PBXSourcesBuildPhase section */

/* Begin XCBuildConfiguration section */
		B65796C11D7F6238000FE342 /* Debug */ = {
			isa = XCBuildConfiguration;
			buildSettings = {
				ALWAYS_SEARCH_USER_PATHS = NO;
				CLANG_ANALYZER_NONNULL = YES;
				CLANG_CXX_LANGUAGE_STANDARD = "gnu++0x";
				CLANG_CXX_LIBRARY = "libc++";
				CLANG_ENABLE_MODULES = YES;
				CLANG_ENABLE_OBJC_ARC = YES;
				CLANG_WARN_BOOL_CONVERSION = YES;
				CLANG_WARN_CONSTANT_CONVERSION = YES;
				CLANG_WARN_DIRECT_OBJC_ISA_USAGE = YES_ERROR;
				CLANG_WARN_EMPTY_BODY = YES;
				CLANG_WARN_ENUM_CONVERSION = YES;
				CLANG_WARN_INT_CONVERSION = YES;
				CLANG_WARN_OBJC_ROOT_CLASS = YES_ERROR;
				CLANG_WARN_UNREACHABLE_CODE = YES;
				CLANG_WARN__DUPLICATE_METHOD_MATCH = YES;
				CODE_SIGN_IDENTITY = "-";
				COPY_PHASE_STRIP = NO;
				DEBUG_INFORMATION_FORMAT = dwarf;
				ENABLE_STRICT_OBJC_MSGSEND = YES;
				ENABLE_TESTABILITY = YES;
				GCC_C_LANGUAGE_STANDARD = gnu99;
				GCC_DYNAMIC_NO_PIC = NO;
				GCC_NO_COMMON_BLOCKS = YES;
				GCC_OPTIMIZATION_LEVEL = 0;
				GCC_PREPROCESSOR_DEFINITIONS = (
					"DEBUG=1",
					"$(inherited)",
				);
				GCC_WARN_64_TO_32_BIT_CONVERSION = YES;
				GCC_WARN_ABOUT_RETURN_TYPE = YES_ERROR;
				GCC_WARN_UNDECLARED_SELECTOR = YES;
				GCC_WARN_UNINITIALIZED_AUTOS = YES_AGGRESSIVE;
				GCC_WARN_UNUSED_FUNCTION = YES;
				GCC_WARN_UNUSED_VARIABLE = YES;
				MACOSX_DEPLOYMENT_TARGET = 10.12;
				MTL_ENABLE_DEBUG_INFO = YES;
				ONLY_ACTIVE_ARCH = YES;
				SDKROOT = macosx;
				SWIFT_OPTIMIZATION_LEVEL = "-Onone";
			};
			name = Debug;
		};
		B65796C21D7F6238000FE342 /* Release */ = {
			isa = XCBuildConfiguration;
			buildSettings = {
				ALWAYS_SEARCH_USER_PATHS = NO;
				CLANG_ANALYZER_NONNULL = YES;
				CLANG_CXX_LANGUAGE_STANDARD = "gnu++0x";
				CLANG_CXX_LIBRARY = "libc++";
				CLANG_ENABLE_MODULES = YES;
				CLANG_ENABLE_OBJC_ARC = YES;
				CLANG_WARN_BOOL_CONVERSION = YES;
				CLANG_WARN_CONSTANT_CONVERSION = YES;
				CLANG_WARN_DIRECT_OBJC_ISA_USAGE = YES_ERROR;
				CLANG_WARN_EMPTY_BODY = YES;
				CLANG_WARN_ENUM_CONVERSION = YES;
				CLANG_WARN_INT_CONVERSION = YES;
				CLANG_WARN_OBJC_ROOT_CLASS = YES_ERROR;
				CLANG_WARN_UNREACHABLE_CODE = YES;
				CLANG_WARN__DUPLICATE_METHOD_MATCH = YES;
				CODE_SIGN_IDENTITY = "-";
				COPY_PHASE_STRIP = NO;
				DEBUG_INFORMATION_FORMAT = "dwarf-with-dsym";
				ENABLE_NS_ASSERTIONS = NO;
				ENABLE_STRICT_OBJC_MSGSEND = YES;
				GCC_C_LANGUAGE_STANDARD = gnu99;
				GCC_NO_COMMON_BLOCKS = YES;
				GCC_WARN_64_TO_32_BIT_CONVERSION = YES;
				GCC_WARN_ABOUT_RETURN_TYPE = YES_ERROR;
				GCC_WARN_UNDECLARED_SELECTOR = YES;
				GCC_WARN_UNINITIALIZED_AUTOS = YES_AGGRESSIVE;
				GCC_WARN_UNUSED_FUNCTION = YES;
				GCC_WARN_UNUSED_VARIABLE = YES;
				MACOSX_DEPLOYMENT_TARGET = 10.12;
				MTL_ENABLE_DEBUG_INFO = NO;
				SDKROOT = macosx;
			};
			name = Release;
		};
		B65796C41D7F6238000FE342 /* Debug */ = {
			isa = XCBuildConfiguration;
			buildSettings = {
				CREATE_INFOPLIST_SECTION_IN_BINARY = YES;
				PRODUCT_NAME = armadillo;
				SWIFT_VERSION = 3.0;
			};
			name = Debug;
		};
		B65796C51D7F6238000FE342 /* Release */ = {
			isa = XCBuildConfiguration;
			buildSettings = {
				CREATE_INFOPLIST_SECTION_IN_BINARY = YES;
				PRODUCT_NAME = armadillo;
				SWIFT_OPTIMIZATION_LEVEL = "-Owholemodule";
				SWIFT_VERSION = 3.0;
			};
			name = Release;
		};
/* End XCBuildConfiguration section */

/* Begin XCConfigurationList section */
		B65796B71D7F6238000FE342 /* Build configuration list for PBXProject "Armadillo" */ = {
			isa = XCConfigurationList;
			buildConfigurations = (
				B65796C11D7F6238000FE342 /* Debug */,
				B65796C21D7F6238000FE342 /* Release */,
			);
			defaultConfigurationIsVisible = 0;
			defaultConfigurationName = Release;
		};
		B65796C31D7F6238000FE342 /* Build configuration list for PBXNativeTarget "Armadillo" */ = {
			isa = XCConfigurationList;
			buildConfigurations = (
				B65796C41D7F6238000FE342 /* Debug */,
				B65796C51D7F6238000FE342 /* Release */,
			);
			defaultConfigurationIsVisible = 0;
			defaultConfigurationName = Release;
		};
/* End XCConfigurationList section */
	};
	rootObject = B65796B41D7F6238000FE342 /* Project object */;
}
